version = 1
revision = 1
requires-python = "==3.12.*"

[[package]]
name = "grpcio"
version = "1.60.0"
source = { registry = "https://pypi.org/simple" }
sdist = { url = "https://files.pythonhosted.org/packages/61/38/c615b5c2be690fb31871f294cc08a96e598b085b8d07c5967a5018e0b90c/grpcio-1.60.0.tar.gz", hash = "sha256:2199165a1affb666aa24adf0c97436686d0a61bc5fc113c037701fb7c7fceb96", size = 24766390 }
wheels = [
    { url = "https://files.pythonhosted.org/packages/61/f9/e3c4b4a879096fe608d75e2a5b4b3790baa91137c5d5da259f98128d2f86/grpcio-1.60.0-cp312-cp312-linux_armv7l.whl", hash = "sha256:a7152fa6e597c20cb97923407cf0934e14224af42c2b8d915f48bc3ad2d9ac18", size = 100617931 },
    { url = "https://files.pythonhosted.org/packages/dd/7d/5005318879231a879be0d33c588400941aee08ea8b5b45d3a9061d6bf0fb/grpcio-1.60.0-cp312-cp312-macosx_10_10_universal2.whl", hash = "sha256:7db16dd4ea1b05ada504f08d0dca1cd9b926bed3770f50e715d087c6f00ad748", size = 9612074 },
    { url = "https://files.pythonhosted.org/packages/f1/b5/93ea03649a8315fe00b11871bb7fa807e1ee22d14f5c4de2fbc288c6cd37/grpcio-1.60.0-cp312-cp312-manylinux_2_17_aarch64.whl", hash = "sha256:b0571a5aef36ba9177e262dc88a9240c866d903a62799e44fd4aae3f9a2ec17e", size = 5061795 },
    { url = "https://files.pythonhosted.org/packages/c9/b8/91b5b56f7812372bd51342126f0184a1a604723b0f58466ac20c2dcef63a/grpcio-1.60.0-cp312-cp312-manylinux_2_17_i686.manylinux2014_i686.whl", hash = "sha256:6fd9584bf1bccdfff1512719316efa77be235469e1e3295dce64538c4773840b", size = 5566289 },
    { url = "https://files.pythonhosted.org/packages/d7/2e/3337baee24c902d9e82f1eac00bc9dca106934763c4cd0faf819ef01b96b/grpcio-1.60.0-cp312-cp312-manylinux_2_17_x86_64.manylinux2014_x86_64.whl", hash = "sha256:d6a478581b1a1a8fdf3318ecb5f4d0cda41cacdffe2b527c23707c9c1b8fdb55", size = 5300194 },
    { url = "https://files.pythonhosted.org/packages/8c/ea/b1229842677f5b712f72760d1633cf36813ec121c986454d6eba6de22093/grpcio-1.60.0-cp312-cp312-musllinux_1_1_i686.whl", hash = "sha256:77c8a317f0fd5a0a2be8ed5cbe5341537d5c00bb79b3bb27ba7c5378ba77dbca", size = 5852832 },
    { url = "https://files.pythonhosted.org/packages/05/dc/c641498f09246a61ebe7a721888edf772e2ecdfd524e25ac61e27352d9d3/grpcio-1.60.0-cp312-cp312-musllinux_1_1_x86_64.whl", hash = "sha256:1c30bb23a41df95109db130a6cc1b974844300ae2e5d68dd4947aacba5985aa5", size = 5555224 },
    { url = "https://files.pythonhosted.org/packages/4d/a3/0f07d9fdb9dddce85bbcc671bf49ed3c73301dfc3108ed4ab3212d55ef13/grpcio-1.60.0-cp312-cp312-win32.whl", hash = "sha256:2aef56e85901c2397bd557c5ba514f84de1f0ae5dd132f5d5fed042858115951", size = 3111209 },
    { url = "https://files.pythonhosted.org/packages/73/99/a7b768c6a9873b6f450476bfa389eeef877f152aeb443bec2bd91d9fb5a2/grpcio-1.60.0-cp312-cp312-win_amd64.whl", hash = "sha256:e381fe0c2aa6c03b056ad8f52f8efca7be29fb4d9ae2f8873520843b6039612a", size = 3691893 },
]

[[package]]
name = "grpcio-tools"
version = "1.60.0"
source = { registry = "https://pypi.org/simple" }
dependencies = [
    { name = "grpcio" },
    { name = "protobuf" },
    { name = "setuptools" },
]
sdist = { url = "https://files.pythonhosted.org/packages/3f/8f/1861529938e4a27f8d9b736a4ba58846ab1ccf63b6d7610a86a0329ffc46/grpcio-tools-1.60.0.tar.gz", hash = "sha256:ed30499340228d733ff69fcf4a66590ed7921f94eb5a2bf692258b1280b9dac7", size = 4611505 }
wheels = [
    { url = "https://files.pythonhosted.org/packages/50/09/16b77ffe4f0e3f03c98407a82485e8c9c15bc433334965fbd31a9dfa127b/grpcio_tools-1.60.0-cp312-cp312-linux_armv7l.whl", hash = "sha256:74025fdd6d1cb7ba4b5d087995339e9a09f0c16cf15dfe56368b23e41ffeaf7a", size = 63964335 },
    { url = "https://files.pythonhosted.org/packages/21/2f/3b4f50a810bc9892ac094b29c5c66e575a56813cb4e73fc9a4c7d2dccd3c/grpcio_tools-1.60.0-cp312-cp312-macosx_10_10_universal2.whl", hash = "sha256:5a907a4f1ffba86501b2cdb8682346249ea032b922fc69a92f082ba045cca548", size = 5147864 },
    { url = "https://files.pythonhosted.org/packages/7c/28/f3baa87c8e53b7694761ea69d5d9c3f635b54ff7c09761e3593ca59344b3/grpcio_tools-1.60.0-cp312-cp312-manylinux_2_17_aarch64.whl", hash = "sha256:1fbb9554466d560472f07d906bfc8dcaf52f365c2a407015185993e30372a886", size = 2709526 },
    { url = "https://files.pythonhosted.org/packages/9d/07/87e5c0c70dfa0aefc130a6e9116a54866d72449706b35902fbbf3f57f37e/grpcio_tools-1.60.0-cp312-cp312-manylinux_2_17_i686.manylinux2014_i686.whl", hash = "sha256:f10ef47460ce3c6fd400f05fe757b90df63486c9b84d1ecad42dcc5f80c8ac14", size = 3061068 },
    { url = "https://files.pythonhosted.org/packages/b4/cb/e8ad1dd2caac2de9e3a0e6627024ffca3bf30c9911e691f88b7dca4e5097/grpcio_tools-1.60.0-cp312-cp312-manylinux_2_17_x86_64.manylinux2014_x86_64.whl", hash = "sha256:321b18f42a70813545e416ddcb8bf20defa407a8114906711c9710a69596ceda", size = 2797033 },
    { url = "https://files.pythonhosted.org/packages/ba/1d/8c8048c00c194aa8d5648aba853df4076be6d70e9a00a1f25d4830b6dee8/grpcio_tools-1.60.0-cp312-cp312-musllinux_1_1_i686.whl", hash = "sha256:081336d8258f1a56542aa8a7a5dec99a2b38d902e19fbdd744594783301b0210", size = 3674987 },
    { url = "https://files.pythonhosted.org/packages/a4/48/dae5740b16b9fdd937fa3bf4f29b6c95b8e0d2dc06a5e82a59e2aa67f07b/grpcio_tools-1.60.0-cp312-cp312-musllinux_1_1_x86_64.whl", hash = "sha256:addc9b23d6ff729d9f83d4a2846292d4c84f5eb2ec38f08489a6a0d66ac2b91e", size = 3283144 },
    { url = "https://files.pythonhosted.org/packages/9b/b6/87d859bf481a2e5629c1ea14a741faa90d533b756af0c514cbff06b00c71/grpcio_tools-1.60.0-cp312-cp312-win32.whl", hash = "sha256:e87cabac7969bdde309575edc2456357667a1b28262b2c1f12580ef48315b19d", size = 922614 },
    { url = "https://files.pythonhosted.org/packages/a8/0a/d6fea138f949f307f2e6958fbf6a3cd94a2d6a51ba3a6333a36b02e24459/grpcio_tools-1.60.0-cp312-cp312-win_amd64.whl", hash = "sha256:e70d867c120d9849093b0ac24d861e378bc88af2552e743d83b9f642d2caa7c2", size = 1068418 },
]

[[package]]
name = "protobuf"
version = "4.25.6"
source = { registry = "https://pypi.org/simple" }
sdist = { url = "https://files.pythonhosted.org/packages/48/d5/cccc7e82bbda9909ced3e7a441a24205ea07fea4ce23a772743c0c7611fa/protobuf-4.25.6.tar.gz", hash = "sha256:f8cfbae7c5afd0d0eaccbe73267339bff605a2315860bb1ba08eb66670a9a91f", size = 380631 }
wheels = [
    { url = "https://files.pythonhosted.org/packages/42/41/0ff3559d9a0fbdb37c9452f2b84e61f7784d8d7b9850182c7ef493f523ee/protobuf-4.25.6-cp310-abi3-win32.whl", hash = "sha256:61df6b5786e2b49fc0055f636c1e8f0aff263808bb724b95b164685ac1bcc13a", size = 392454 },
    { url = "https://files.pythonhosted.org/packages/79/84/c700d6c3f3be770495b08a1c035e330497a31420e4a39a24c22c02cefc6c/protobuf-4.25.6-cp310-abi3-win_amd64.whl", hash = "sha256:b8f837bfb77513fe0e2f263250f423217a173b6d85135be4d81e96a4653bcd3c", size = 413443 },
    { url = "https://files.pythonhosted.org/packages/b7/03/361e87cc824452376c2abcef0eabd18da78a7439479ec6541cf29076a4dc/protobuf-4.25.6-cp37-abi3-macosx_10_9_universal2.whl", hash = "sha256:6d4381f2417606d7e01750e2729fe6fbcda3f9883aa0c32b51d23012bded6c91", size = 394246 },
    { url = "https://files.pythonhosted.org/packages/64/d5/7dbeb69b74fa88f297c6d8f11b7c9cef0c2e2fb1fdf155c2ca5775cfa998/protobuf-4.25.6-cp37-abi3-manylinux2014_aarch64.whl", hash = "sha256:5dd800da412ba7f6f26d2c08868a5023ce624e1fdb28bccca2dc957191e81fb5", size = 293714 },
    { url = "https://files.pythonhosted.org/packages/d4/f0/6d5c100f6b18d973e86646aa5fc09bc12ee88a28684a56fd95511bceee68/protobuf-4.25.6-cp37-abi3-manylinux2014_x86_64.whl", hash = "sha256:4434ff8bb5576f9e0c78f47c41cdf3a152c0b44de475784cd3fd170aef16205a", size = 294634 },
    { url = "https://files.pythonhosted.org/packages/71/eb/be11a1244d0e58ee04c17a1f939b100199063e26ecca8262c04827fe0bf5/protobuf-4.25.6-py3-none-any.whl", hash = "sha256:07972021c8e30b870cfc0863409d033af940213e0e7f64e27fe017b929d2c9f7", size = 156466 },
]

[[package]]
name = "setuptools"
version = "78.1.0"
source = { registry = "https://pypi.org/simple" }
sdist = { url = "https://files.pythonhosted.org/packages/a9/5a/0db4da3bc908df06e5efae42b44e75c81dd52716e10192ff36d0c1c8e379/setuptools-78.1.0.tar.gz", hash = "sha256:18fd474d4a82a5f83dac888df697af65afa82dec7323d09c3e37d1f14288da54", size = 1367827 }
wheels = [
    { url = "https://files.pythonhosted.org/packages/54/21/f43f0a1fa8b06b32812e0975981f4677d28e0f3271601dc88ac5a5b83220/setuptools-78.1.0-py3-none-any.whl", hash = "sha256:3e386e96793c8702ae83d17b853fb93d3e09ef82ec62722e61da5cd22376dcd8", size = 1256108 },
]

[[package]]
name = "unstract-flags"
version = "0.0.1"
source = { virtual = "." }
dependencies = [
    { name = "grpcio" },
    { name = "grpcio-tools" },
]

[package.metadata]
requires-dist = [
    { name = "grpcio", specifier = "<=1.60.0" },
    { name = "grpcio-tools", specifier = "<=1.60.0" },
]
