version = 1
revision = 2
requires-python = "==3.12.*"

[[package]]
name = "grpcio"
version = "1.76.0"
source = { registry = "https://pypi.org/simple" }
dependencies = [
    { name = "typing-extensions" },
]
sdist = { url = "https://files.pythonhosted.org/packages/b6/e0/318c1ce3ae5a17894d5791e87aea147587c9e702f24122cc7a5c8bbaeeb1/grpcio-1.76.0.tar.gz", hash = "sha256:7be78388d6da1a25c0d5ec506523db58b18be22d9c37d8d3a32c08be4987bd73", size = 12785182, upload-time = "2025-10-21T16:23:12.106Z" }
wheels = [
    { url = "https://files.pythonhosted.org/packages/bf/05/8e29121994b8d959ffa0afd28996d452f291b48cfc0875619de0bde2c50c/grpcio-1.76.0-cp312-cp312-linux_armv7l.whl", hash = "sha256:81fd9652b37b36f16138611c7e884eb82e0cec137c40d3ef7c3f9b3ed00f6ed8", size = 5799718, upload-time = "2025-10-21T16:21:17.939Z" },
    { url = "https://files.pythonhosted.org/packages/d9/75/11d0e66b3cdf998c996489581bdad8900db79ebd83513e45c19548f1cba4/grpcio-1.76.0-cp312-cp312-macosx_11_0_universal2.whl", hash = "sha256:04bbe1bfe3a68bbfd4e52402ab7d4eb59d72d02647ae2042204326cf4bbad280", size = 11825627, upload-time = "2025-10-21T16:21:20.466Z" },
    { url = "https://files.pythonhosted.org/packages/28/50/2f0aa0498bc188048f5d9504dcc5c2c24f2eb1a9337cd0fa09a61a2e75f0/grpcio-1.76.0-cp312-cp312-manylinux2014_aarch64.manylinux_2_17_aarch64.whl", hash = "sha256:d388087771c837cdb6515539f43b9d4bf0b0f23593a24054ac16f7a960be16f4", size = 6359167, upload-time = "2025-10-21T16:21:23.122Z" },
    { url = "https://files.pythonhosted.org/packages/66/e5/bbf0bb97d29ede1d59d6588af40018cfc345b17ce979b7b45424628dc8bb/grpcio-1.76.0-cp312-cp312-manylinux2014_i686.manylinux_2_17_i686.whl", hash = "sha256:9f8f757bebaaea112c00dba718fc0d3260052ce714e25804a03f93f5d1c6cc11", size = 7044267, upload-time = "2025-10-21T16:21:25.995Z" },
    { url = "https://files.pythonhosted.org/packages/f5/86/f6ec2164f743d9609691115ae8ece098c76b894ebe4f7c94a655c6b03e98/grpcio-1.76.0-cp312-cp312-manylinux2014_x86_64.manylinux_2_17_x86_64.whl", hash = "sha256:980a846182ce88c4f2f7e2c22c56aefd515daeb36149d1c897f83cf57999e0b6", size = 6573963, upload-time = "2025-10-21T16:21:28.631Z" },
    { url = "https://files.pythonhosted.org/packages/60/bc/8d9d0d8505feccfdf38a766d262c71e73639c165b311c9457208b56d92ae/grpcio-1.76.0-cp312-cp312-musllinux_1_2_aarch64.whl", hash = "sha256:f92f88e6c033db65a5ae3d97905c8fea9c725b63e28d5a75cb73b49bda5024d8", size = 7164484, upload-time = "2025-10-21T16:21:30.837Z" },
    { url = "https://files.pythonhosted.org/packages/67/e6/5d6c2fc10b95edf6df9b8f19cf10a34263b7fd48493936fffd5085521292/grpcio-1.76.0-cp312-cp312-musllinux_1_2_i686.whl", hash = "sha256:4baf3cbe2f0be3289eb68ac8ae771156971848bb8aaff60bad42005539431980", size = 8127777, upload-time = "2025-10-21T16:21:33.577Z" },
    { url = "https://files.pythonhosted.org/packages/3f/c8/dce8ff21c86abe025efe304d9e31fdb0deaaa3b502b6a78141080f206da0/grpcio-1.76.0-cp312-cp312-musllinux_1_2_x86_64.whl", hash = "sha256:615ba64c208aaceb5ec83bfdce7728b80bfeb8be97562944836a7a0a9647d882", size = 7594014, upload-time = "2025-10-21T16:21:41.882Z" },
    { url = "https://files.pythonhosted.org/packages/e0/42/ad28191ebf983a5d0ecef90bab66baa5a6b18f2bfdef9d0a63b1973d9f75/grpcio-1.76.0-cp312-cp312-win32.whl", hash = "sha256:45d59a649a82df5718fd9527ce775fd66d1af35e6d31abdcdc906a49c6822958", size = 3984750, upload-time = "2025-10-21T16:21:44.006Z" },
    { url = "https://files.pythonhosted.org/packages/9e/00/7bd478cbb851c04a48baccaa49b75abaa8e4122f7d86da797500cccdd771/grpcio-1.76.0-cp312-cp312-win_amd64.whl", hash = "sha256:c088e7a90b6017307f423efbb9d1ba97a22aa2170876223f9709e9d1de0b5347", size = 4704003, upload-time = "2025-10-21T16:21:46.244Z" },
]

[[package]]
name = "grpcio-tools"
version = "1.76.0"
source = { registry = "https://pypi.org/simple" }
dependencies = [
    { name = "grpcio" },
    { name = "protobuf" },
    { name = "setuptools" },
]
sdist = { url = "https://files.pythonhosted.org/packages/a0/77/17d60d636ccd86a0db0eccc24d02967bbc3eea86b9db7324b04507ebaa40/grpcio_tools-1.76.0.tar.gz", hash = "sha256:ce80169b5e6adf3e8302f3ebb6cb0c3a9f08089133abca4b76ad67f751f5ad88", size = 5390807, upload-time = "2025-10-21T16:26:55.416Z" }
wheels = [
    { url = "https://files.pythonhosted.org/packages/4f/ca/a931c1439cabfe305c9afd07e233150cd0565aa062c20d1ee412ed188852/grpcio_tools-1.76.0-cp312-cp312-linux_armv7l.whl", hash = "sha256:4ad555b8647de1ebaffb25170249f89057721ffb74f7da96834a07b4855bb46a", size = 2546852, upload-time = "2025-10-21T16:25:15.024Z" },
    { url = "https://files.pythonhosted.org/packages/4c/07/935cfbb7dccd602723482a86d43fbd992f91e9867bca0056a1e9f348473e/grpcio_tools-1.76.0-cp312-cp312-macosx_11_0_universal2.whl", hash = "sha256:243af7c8fc7ff22a40a42eb8e0f6f66963c1920b75aae2a2ec503a9c3c8b31c1", size = 5841777, upload-time = "2025-10-21T16:25:17.425Z" },
    { url = "https://files.pythonhosted.org/packages/e4/92/8fcb5acebdccb647e0fa3f002576480459f6cf81e79692d7b3c4d6e29605/grpcio_tools-1.76.0-cp312-cp312-manylinux2014_aarch64.manylinux_2_17_aarch64.whl", hash = "sha256:8207b890f423142cc0025d041fb058f7286318df6a049565c27869d73534228b", size = 2594004, upload-time = "2025-10-21T16:25:19.809Z" },
    { url = "https://files.pythonhosted.org/packages/9d/ea/64838e8113b7bfd4842b15c815a7354cb63242fdce9d6648d894b5d50897/grpcio_tools-1.76.0-cp312-cp312-manylinux2014_i686.manylinux_2_17_i686.whl", hash = "sha256:3dafa34c2626a6691d103877e8a145f54c34cf6530975f695b396ed2fc5c98f8", size = 2905563, upload-time = "2025-10-21T16:25:21.889Z" },
    { url = "https://files.pythonhosted.org/packages/a6/d6/53798827d821098219e58518b6db52161ce4985620850aa74ce3795da8a7/grpcio_tools-1.76.0-cp312-cp312-manylinux2014_x86_64.manylinux_2_17_x86_64.whl", hash = "sha256:30f1d2dda6ece285b3d9084e94f66fa721ebdba14ae76b2bc4c581c8a166535c", size = 2656936, upload-time = "2025-10-21T16:25:24.369Z" },
    { url = "https://files.pythonhosted.org/packages/89/a3/d9c1cefc46a790eec520fe4e70e87279abb01a58b1a3b74cf93f62b824a2/grpcio_tools-1.76.0-cp312-cp312-musllinux_1_2_aarch64.whl", hash = "sha256:a889af059dc6dbb82d7b417aa581601316e364fe12eb54c1b8d95311ea50916d", size = 3109811, upload-time = "2025-10-21T16:25:26.711Z" },
    { url = "https://files.pythonhosted.org/packages/50/75/5997752644b73b5d59377d333a51c8a916606df077f5a487853e37dca289/grpcio_tools-1.76.0-cp312-cp312-musllinux_1_2_i686.whl", hash = "sha256:c3f2c3c44c56eb5d479ab178f0174595d0a974c37dade442f05bb73dfec02f31", size = 3658786, upload-time = "2025-10-21T16:25:28.819Z" },
    { url = "https://files.pythonhosted.org/packages/84/47/dcf8380df4bd7931ffba32fc6adc2de635b6569ca27fdec7121733797062/grpcio_tools-1.76.0-cp312-cp312-musllinux_1_2_x86_64.whl", hash = "sha256:479ce02dff684046f909a487d452a83a96b4231f7c70a3b218a075d54e951f56", size = 3325144, upload-time = "2025-10-21T16:25:30.863Z" },
    { url = "https://files.pythonhosted.org/packages/04/88/ea3e5fdb874d8c2d04488e4b9d05056537fba70915593f0c283ac77df188/grpcio_tools-1.76.0-cp312-cp312-win32.whl", hash = "sha256:9ba4bb539936642a44418b38ee6c3e8823c037699e2cb282bd8a44d76a4be833", size = 993523, upload-time = "2025-10-21T16:25:32.594Z" },
    { url = "https://files.pythonhosted.org/packages/de/b1/ce7d59d147675ec191a55816be46bc47a343b5ff07279eef5817c09cc53e/grpcio_tools-1.76.0-cp312-cp312-win_amd64.whl", hash = "sha256:0cd489016766b05f9ed8a6b6596004b62c57d323f49593eac84add032a6d43f7", size = 1158493, upload-time = "2025-10-21T16:25:34.5Z" },
]

[[package]]
name = "protobuf"
version = "6.33.1"
source = { registry = "https://pypi.org/simple" }
sdist = { url = "https://files.pythonhosted.org/packages/0a/03/a1440979a3f74f16cab3b75b0da1a1a7f922d56a8ddea96092391998edc0/protobuf-6.33.1.tar.gz", hash = "sha256:97f65757e8d09870de6fd973aeddb92f85435607235d20b2dfed93405d00c85b", size = 443432, upload-time = "2025-11-13T16:44:18.895Z" }
wheels = [
    { url = "https://files.pythonhosted.org/packages/06/f1/446a9bbd2c60772ca36556bac8bfde40eceb28d9cc7838755bc41e001d8f/protobuf-6.33.1-cp310-abi3-win32.whl", hash = "sha256:f8d3fdbc966aaab1d05046d0240dd94d40f2a8c62856d41eaa141ff64a79de6b", size = 425593, upload-time = "2025-11-13T16:44:06.275Z" },
    { url = "https://files.pythonhosted.org/packages/a6/79/8780a378c650e3df849b73de8b13cf5412f521ca2ff9b78a45c247029440/protobuf-6.33.1-cp310-abi3-win_amd64.whl", hash = "sha256:923aa6d27a92bf44394f6abf7ea0500f38769d4b07f4be41cb52bd8b1123b9ed", size = 436883, upload-time = "2025-11-13T16:44:09.222Z" },
    { url = "https://files.pythonhosted.org/packages/cd/93/26213ff72b103ae55bb0d73e7fb91ea570ef407c3ab4fd2f1f27cac16044/protobuf-6.33.1-cp39-abi3-macosx_10_9_universal2.whl", hash = "sha256:fe34575f2bdde76ac429ec7b570235bf0c788883e70aee90068e9981806f2490", size = 427522, upload-time = "2025-11-13T16:44:10.475Z" },
    { url = "https://files.pythonhosted.org/packages/c2/32/df4a35247923393aa6b887c3b3244a8c941c32a25681775f96e2b418f90e/protobuf-6.33.1-cp39-abi3-manylinux2014_aarch64.whl", hash = "sha256:f8adba2e44cde2d7618996b3fc02341f03f5bc3f2748be72dc7b063319276178", size = 324445, upload-time = "2025-11-13T16:44:11.869Z" },
    { url = "https://files.pythonhosted.org/packages/8e/d0/d796e419e2ec93d2f3fa44888861c3f88f722cde02b7c3488fcc6a166820/protobuf-6.33.1-cp39-abi3-manylinux2014_s390x.whl", hash = "sha256:0f4cf01222c0d959c2b399142deb526de420be8236f22c71356e2a544e153c53", size = 339161, upload-time = "2025-11-13T16:44:12.778Z" },
    { url = "https://files.pythonhosted.org/packages/1d/2a/3c5f05a4af06649547027d288747f68525755de692a26a7720dced3652c0/protobuf-6.33.1-cp39-abi3-manylinux2014_x86_64.whl", hash = "sha256:8fd7d5e0eb08cd5b87fd3df49bc193f5cfd778701f47e11d127d0afc6c39f1d1", size = 323171, upload-time = "2025-11-13T16:44:14.035Z" },
    { url = "https://files.pythonhosted.org/packages/08/b4/46310463b4f6ceef310f8348786f3cff181cea671578e3d9743ba61a459e/protobuf-6.33.1-py3-none-any.whl", hash = "sha256:d595a9fd694fdeb061a62fbe10eb039cc1e444df81ec9bb70c7fc59ebcb1eafa", size = 170477, upload-time = "2025-11-13T16:44:17.633Z" },
]

[[package]]
name = "setuptools"
version = "80.9.0"
source = { registry = "https://pypi.org/simple" }
sdist = { url = "https://files.pythonhosted.org/packages/18/5d/3bf57dcd21979b887f014ea83c24ae194cfcd12b9e0fda66b957c69d1fca/setuptools-80.9.0.tar.gz", hash = "sha256:f36b47402ecde768dbfafc46e8e4207b4360c654f1f3bb84475f0a28628fb19c", size = 1319958, upload-time = "2025-05-27T00:56:51.443Z" }
wheels = [
    { url = "https://files.pythonhosted.org/packages/a3/dc/17031897dae0efacfea57dfd3a82fdd2a2aeb58e0ff71b77b87e44edc772/setuptools-80.9.0-py3-none-any.whl", hash = "sha256:062d34222ad13e0cc312a4c02d73f059e86a4acbfbdea8f8f76b28c99f306922", size = 1201486, upload-time = "2025-05-27T00:56:49.664Z" },
]

[[package]]
name = "typing-extensions"
version = "4.15.0"
source = { registry = "https://pypi.org/simple" }
sdist = { url = "https://files.pythonhosted.org/packages/72/94/1a15dd82efb362ac84269196e94cf00f187f7ed21c242792a923cdb1c61f/typing_extensions-4.15.0.tar.gz", hash = "sha256:0cea48d173cc12fa28ecabc3b837ea3cf6f38c6d1136f85cbaaf598984861466", size = 109391, upload-time = "2025-08-25T13:49:26.313Z" }
wheels = [
    { url = "https://files.pythonhosted.org/packages/18/67/36e9267722cc04a6b9f15c7f3441c2363321a3ea07da7ae0c0707beb2a9c/typing_extensions-4.15.0-py3-none-any.whl", hash = "sha256:f0fa19c6845758ab08074a0cfa8b7aecb71c999ca73d62883bc25cc018c4e548", size = 44614, upload-time = "2025-08-25T13:49:24.86Z" },
]

[[package]]
name = "unstract-flags"
version = "0.0.1"
source = { virtual = "." }
dependencies = [
    { name = "grpcio" },
    { name = "grpcio-tools" },
    { name = "protobuf" },
]

[package.metadata]
requires-dist = [
    { name = "grpcio", specifier = ">=1.60.0" },
    { name = "grpcio-tools", specifier = ">=1.60.0" },
    { name = "protobuf", specifier = ">=4.25.0" },
]
