# This file is @generated by PDM.
# It is not intended for manual editing.

[metadata]
groups = ["default", "test"]
strategy = ["cross_platform", "inherit_metadata"]
lock_version = "4.4.1"
content_hash = "sha256:c0e045089db5754a1f14ae9f74ed29b3dfbef9b795b5e5ef5773d1801e3f7cd4"

[[package]]
name = "certifi"
version = "2024.7.4"
requires_python = ">=3.6"
summary = "Python package for providing Mozilla's CA Bundle."
groups = ["default"]
files = [
    {file = "certifi-2024.7.4-py3-none-any.whl", hash = "sha256:c198e21b1289c2ab85ee4e67bb4b4ef3ead0892059901a8d5b622f24a1101e90"},
    {file = "certifi-2024.7.4.tar.gz", hash = "sha256:5a1e7645bc0ec61a09e26c36f6106dd4cf40c6db3a1fb6352b0244e7fb057c7b"},
]

[[package]]
name = "chardet"
version = "5.2.0"
requires_python = ">=3.7"
summary = "Universal encoding detector for Python 3"
groups = ["test"]
files = [
    {file = "chardet-5.2.0-py3-none-any.whl", hash = "sha256:e1cf59446890a00105fe7b7912492ea04b6e6f06d4b742b2c788469e34c82970"},
    {file = "chardet-5.2.0.tar.gz", hash = "sha256:1b3b6ff479a8c414bc3fa2c0852995695c4a026dcd6d0633b2dd092ca39c1cf7"},
]

[[package]]
name = "colorama"
version = "0.4.6"
requires_python = "!=3.0.*,!=3.1.*,!=3.2.*,!=3.3.*,!=3.4.*,!=3.5.*,!=3.6.*,>=2.7"
summary = "Cross-platform colored terminal text."
groups = ["test"]
marker = "sys_platform == \"win32\""
files = [
    {file = "colorama-0.4.6-py2.py3-none-any.whl", hash = "sha256:4f1d9991f5acc0ca119f9d443620b77f9d6b33703e51011c16baf57afb285fc6"},
    {file = "colorama-0.4.6.tar.gz", hash = "sha256:08695f5cb7ed6e0531a20572697297273c47b8cae5a63ffc6d6ed5c201be6e44"},
]

[[package]]
name = "coverage"
version = "7.5.4"
requires_python = ">=3.8"
summary = "Code coverage measurement for Python"
groups = ["test"]
files = [
    {file = "coverage-7.5.4-cp310-cp310-macosx_10_9_x86_64.whl", hash = "sha256:6cfb5a4f556bb51aba274588200a46e4dd6b505fb1a5f8c5ae408222eb416f99"},
    {file = "coverage-7.5.4-cp310-cp310-macosx_11_0_arm64.whl", hash = "sha256:2174e7c23e0a454ffe12267a10732c273243b4f2d50d07544a91198f05c48f47"},
    {file = "coverage-7.5.4-cp310-cp310-manylinux_2_17_aarch64.manylinux2014_aarch64.whl", hash = "sha256:2214ee920787d85db1b6a0bd9da5f8503ccc8fcd5814d90796c2f2493a2f4d2e"},
    {file = "coverage-7.5.4-cp310-cp310-manylinux_2_5_i686.manylinux1_i686.manylinux_2_17_i686.manylinux2014_i686.whl", hash = "sha256:1137f46adb28e3813dec8c01fefadcb8c614f33576f672962e323b5128d9a68d"},
    {file = "coverage-7.5.4-cp310-cp310-manylinux_2_5_x86_64.manylinux1_x86_64.manylinux_2_17_x86_64.manylinux2014_x86_64.whl", hash = "sha256:b385d49609f8e9efc885790a5a0e89f2e3ae042cdf12958b6034cc442de428d3"},
    {file = "coverage-7.5.4-cp310-cp310-musllinux_1_2_aarch64.whl", hash = "sha256:b4a474f799456e0eb46d78ab07303286a84a3140e9700b9e154cfebc8f527016"},
    {file = "coverage-7.5.4-cp310-cp310-musllinux_1_2_i686.whl", hash = "sha256:5cd64adedf3be66f8ccee418473c2916492d53cbafbfcff851cbec5a8454b136"},
    {file = "coverage-7.5.4-cp310-cp310-musllinux_1_2_x86_64.whl", hash = "sha256:e564c2cf45d2f44a9da56f4e3a26b2236504a496eb4cb0ca7221cd4cc7a9aca9"},
    {file = "coverage-7.5.4-cp310-cp310-win32.whl", hash = "sha256:7076b4b3a5f6d2b5d7f1185fde25b1e54eb66e647a1dfef0e2c2bfaf9b4c88c8"},
    {file = "coverage-7.5.4-cp310-cp310-win_amd64.whl", hash = "sha256:018a12985185038a5b2bcafab04ab833a9a0f2c59995b3cec07e10074c78635f"},
    {file = "coverage-7.5.4-cp311-cp311-macosx_10_9_x86_64.whl", hash = "sha256:db14f552ac38f10758ad14dd7b983dbab424e731588d300c7db25b6f89e335b5"},
    {file = "coverage-7.5.4-cp311-cp311-macosx_11_0_arm64.whl", hash = "sha256:3257fdd8e574805f27bb5342b77bc65578e98cbc004a92232106344053f319ba"},
    {file = "coverage-7.5.4-cp311-cp311-manylinux_2_17_aarch64.manylinux2014_aarch64.whl", hash = "sha256:3a6612c99081d8d6134005b1354191e103ec9705d7ba2754e848211ac8cacc6b"},
    {file = "coverage-7.5.4-cp311-cp311-manylinux_2_5_i686.manylinux1_i686.manylinux_2_17_i686.manylinux2014_i686.whl", hash = "sha256:d45d3cbd94159c468b9b8c5a556e3f6b81a8d1af2a92b77320e887c3e7a5d080"},
    {file = "coverage-7.5.4-cp311-cp311-manylinux_2_5_x86_64.manylinux1_x86_64.manylinux_2_17_x86_64.manylinux2014_x86_64.whl", hash = "sha256:ed550e7442f278af76d9d65af48069f1fb84c9f745ae249c1a183c1e9d1b025c"},
    {file = "coverage-7.5.4-cp311-cp311-musllinux_1_2_aarch64.whl", hash = "sha256:7a892be37ca35eb5019ec85402c3371b0f7cda5ab5056023a7f13da0961e60da"},
    {file = "coverage-7.5.4-cp311-cp311-musllinux_1_2_i686.whl", hash = "sha256:8192794d120167e2a64721d88dbd688584675e86e15d0569599257566dec9bf0"},
    {file = "coverage-7.5.4-cp311-cp311-musllinux_1_2_x86_64.whl", hash = "sha256:820bc841faa502e727a48311948e0461132a9c8baa42f6b2b84a29ced24cc078"},
    {file = "coverage-7.5.4-cp311-cp311-win32.whl", hash = "sha256:6aae5cce399a0f065da65c7bb1e8abd5c7a3043da9dceb429ebe1b289bc07806"},
    {file = "coverage-7.5.4-cp311-cp311-win_amd64.whl", hash = "sha256:d2e344d6adc8ef81c5a233d3a57b3c7d5181f40e79e05e1c143da143ccb6377d"},
    {file = "coverage-7.5.4-cp39-cp39-macosx_10_9_x86_64.whl", hash = "sha256:b95c3a8cb0463ba9f77383d0fa8c9194cf91f64445a63fc26fb2327e1e1eb088"},
    {file = "coverage-7.5.4-cp39-cp39-macosx_11_0_arm64.whl", hash = "sha256:3d7564cc09dd91b5a6001754a5b3c6ecc4aba6323baf33a12bd751036c998be4"},
    {file = "coverage-7.5.4-cp39-cp39-manylinux_2_17_aarch64.manylinux2014_aarch64.whl", hash = "sha256:44da56a2589b684813f86d07597fdf8a9c6ce77f58976727329272f5a01f99f7"},
    {file = "coverage-7.5.4-cp39-cp39-manylinux_2_5_i686.manylinux1_i686.manylinux_2_17_i686.manylinux2014_i686.whl", hash = "sha256:e16f3d6b491c48c5ae726308e6ab1e18ee830b4cdd6913f2d7f77354b33f91c8"},
    {file = "coverage-7.5.4-cp39-cp39-manylinux_2_5_x86_64.manylinux1_x86_64.manylinux_2_17_x86_64.manylinux2014_x86_64.whl", hash = "sha256:dbc5958cb471e5a5af41b0ddaea96a37e74ed289535e8deca404811f6cb0bc3d"},
    {file = "coverage-7.5.4-cp39-cp39-musllinux_1_2_aarch64.whl", hash = "sha256:a04e990a2a41740b02d6182b498ee9796cf60eefe40cf859b016650147908029"},
    {file = "coverage-7.5.4-cp39-cp39-musllinux_1_2_i686.whl", hash = "sha256:ddbd2f9713a79e8e7242d7c51f1929611e991d855f414ca9996c20e44a895f7c"},
    {file = "coverage-7.5.4-cp39-cp39-musllinux_1_2_x86_64.whl", hash = "sha256:b1ccf5e728ccf83acd313c89f07c22d70d6c375a9c6f339233dcf792094bcbf7"},
    {file = "coverage-7.5.4-cp39-cp39-win32.whl", hash = "sha256:56b4eafa21c6c175b3ede004ca12c653a88b6f922494b023aeb1e836df953ace"},
    {file = "coverage-7.5.4-cp39-cp39-win_amd64.whl", hash = "sha256:65e528e2e921ba8fd67d9055e6b9f9e34b21ebd6768ae1c1723f4ea6ace1234d"},
    {file = "coverage-7.5.4-pp38.pp39.pp310-none-any.whl", hash = "sha256:79b356f3dd5b26f3ad23b35c75dbdaf1f9e2450b6bcefc6d0825ea0aa3f86ca5"},
    {file = "coverage-7.5.4.tar.gz", hash = "sha256:a44963520b069e12789d0faea4e9fdb1e410cdc4aab89d94f7f55cbb7fef0353"},
]

[[package]]
name = "coverage"
version = "7.5.4"
extras = ["toml"]
requires_python = ">=3.8"
summary = "Code coverage measurement for Python"
groups = ["test"]
dependencies = [
    "coverage==7.5.4",
    "tomli; python_full_version <= \"3.11.0a6\"",
]
files = [
    {file = "coverage-7.5.4-cp310-cp310-macosx_10_9_x86_64.whl", hash = "sha256:6cfb5a4f556bb51aba274588200a46e4dd6b505fb1a5f8c5ae408222eb416f99"},
    {file = "coverage-7.5.4-cp310-cp310-macosx_11_0_arm64.whl", hash = "sha256:2174e7c23e0a454ffe12267a10732c273243b4f2d50d07544a91198f05c48f47"},
    {file = "coverage-7.5.4-cp310-cp310-manylinux_2_17_aarch64.manylinux2014_aarch64.whl", hash = "sha256:2214ee920787d85db1b6a0bd9da5f8503ccc8fcd5814d90796c2f2493a2f4d2e"},
    {file = "coverage-7.5.4-cp310-cp310-manylinux_2_5_i686.manylinux1_i686.manylinux_2_17_i686.manylinux2014_i686.whl", hash = "sha256:1137f46adb28e3813dec8c01fefadcb8c614f33576f672962e323b5128d9a68d"},
    {file = "coverage-7.5.4-cp310-cp310-manylinux_2_5_x86_64.manylinux1_x86_64.manylinux_2_17_x86_64.manylinux2014_x86_64.whl", hash = "sha256:b385d49609f8e9efc885790a5a0e89f2e3ae042cdf12958b6034cc442de428d3"},
    {file = "coverage-7.5.4-cp310-cp310-musllinux_1_2_aarch64.whl", hash = "sha256:b4a474f799456e0eb46d78ab07303286a84a3140e9700b9e154cfebc8f527016"},
    {file = "coverage-7.5.4-cp310-cp310-musllinux_1_2_i686.whl", hash = "sha256:5cd64adedf3be66f8ccee418473c2916492d53cbafbfcff851cbec5a8454b136"},
    {file = "coverage-7.5.4-cp310-cp310-musllinux_1_2_x86_64.whl", hash = "sha256:e564c2cf45d2f44a9da56f4e3a26b2236504a496eb4cb0ca7221cd4cc7a9aca9"},
    {file = "coverage-7.5.4-cp310-cp310-win32.whl", hash = "sha256:7076b4b3a5f6d2b5d7f1185fde25b1e54eb66e647a1dfef0e2c2bfaf9b4c88c8"},
    {file = "coverage-7.5.4-cp310-cp310-win_amd64.whl", hash = "sha256:018a12985185038a5b2bcafab04ab833a9a0f2c59995b3cec07e10074c78635f"},
    {file = "coverage-7.5.4-cp311-cp311-macosx_10_9_x86_64.whl", hash = "sha256:db14f552ac38f10758ad14dd7b983dbab424e731588d300c7db25b6f89e335b5"},
    {file = "coverage-7.5.4-cp311-cp311-macosx_11_0_arm64.whl", hash = "sha256:3257fdd8e574805f27bb5342b77bc65578e98cbc004a92232106344053f319ba"},
    {file = "coverage-7.5.4-cp311-cp311-manylinux_2_17_aarch64.manylinux2014_aarch64.whl", hash = "sha256:3a6612c99081d8d6134005b1354191e103ec9705d7ba2754e848211ac8cacc6b"},
    {file = "coverage-7.5.4-cp311-cp311-manylinux_2_5_i686.manylinux1_i686.manylinux_2_17_i686.manylinux2014_i686.whl", hash = "sha256:d45d3cbd94159c468b9b8c5a556e3f6b81a8d1af2a92b77320e887c3e7a5d080"},
    {file = "coverage-7.5.4-cp311-cp311-manylinux_2_5_x86_64.manylinux1_x86_64.manylinux_2_17_x86_64.manylinux2014_x86_64.whl", hash = "sha256:ed550e7442f278af76d9d65af48069f1fb84c9f745ae249c1a183c1e9d1b025c"},
    {file = "coverage-7.5.4-cp311-cp311-musllinux_1_2_aarch64.whl", hash = "sha256:7a892be37ca35eb5019ec85402c3371b0f7cda5ab5056023a7f13da0961e60da"},
    {file = "coverage-7.5.4-cp311-cp311-musllinux_1_2_i686.whl", hash = "sha256:8192794d120167e2a64721d88dbd688584675e86e15d0569599257566dec9bf0"},
    {file = "coverage-7.5.4-cp311-cp311-musllinux_1_2_x86_64.whl", hash = "sha256:820bc841faa502e727a48311948e0461132a9c8baa42f6b2b84a29ced24cc078"},
    {file = "coverage-7.5.4-cp311-cp311-win32.whl", hash = "sha256:6aae5cce399a0f065da65c7bb1e8abd5c7a3043da9dceb429ebe1b289bc07806"},
    {file = "coverage-7.5.4-cp311-cp311-win_amd64.whl", hash = "sha256:d2e344d6adc8ef81c5a233d3a57b3c7d5181f40e79e05e1c143da143ccb6377d"},
    {file = "coverage-7.5.4-cp39-cp39-macosx_10_9_x86_64.whl", hash = "sha256:b95c3a8cb0463ba9f77383d0fa8c9194cf91f64445a63fc26fb2327e1e1eb088"},
    {file = "coverage-7.5.4-cp39-cp39-macosx_11_0_arm64.whl", hash = "sha256:3d7564cc09dd91b5a6001754a5b3c6ecc4aba6323baf33a12bd751036c998be4"},
    {file = "coverage-7.5.4-cp39-cp39-manylinux_2_17_aarch64.manylinux2014_aarch64.whl", hash = "sha256:44da56a2589b684813f86d07597fdf8a9c6ce77f58976727329272f5a01f99f7"},
    {file = "coverage-7.5.4-cp39-cp39-manylinux_2_5_i686.manylinux1_i686.manylinux_2_17_i686.manylinux2014_i686.whl", hash = "sha256:e16f3d6b491c48c5ae726308e6ab1e18ee830b4cdd6913f2d7f77354b33f91c8"},
    {file = "coverage-7.5.4-cp39-cp39-manylinux_2_5_x86_64.manylinux1_x86_64.manylinux_2_17_x86_64.manylinux2014_x86_64.whl", hash = "sha256:dbc5958cb471e5a5af41b0ddaea96a37e74ed289535e8deca404811f6cb0bc3d"},
    {file = "coverage-7.5.4-cp39-cp39-musllinux_1_2_aarch64.whl", hash = "sha256:a04e990a2a41740b02d6182b498ee9796cf60eefe40cf859b016650147908029"},
    {file = "coverage-7.5.4-cp39-cp39-musllinux_1_2_i686.whl", hash = "sha256:ddbd2f9713a79e8e7242d7c51f1929611e991d855f414ca9996c20e44a895f7c"},
    {file = "coverage-7.5.4-cp39-cp39-musllinux_1_2_x86_64.whl", hash = "sha256:b1ccf5e728ccf83acd313c89f07c22d70d6c375a9c6f339233dcf792094bcbf7"},
    {file = "coverage-7.5.4-cp39-cp39-win32.whl", hash = "sha256:56b4eafa21c6c175b3ede004ca12c653a88b6f922494b023aeb1e836df953ace"},
    {file = "coverage-7.5.4-cp39-cp39-win_amd64.whl", hash = "sha256:65e528e2e921ba8fd67d9055e6b9f9e34b21ebd6768ae1c1723f4ea6ace1234d"},
    {file = "coverage-7.5.4-pp38.pp39.pp310-none-any.whl", hash = "sha256:79b356f3dd5b26f3ad23b35c75dbdaf1f9e2450b6bcefc6d0825ea0aa3f86ca5"},
    {file = "coverage-7.5.4.tar.gz", hash = "sha256:a44963520b069e12789d0faea4e9fdb1e410cdc4aab89d94f7f55cbb7fef0353"},
]

[[package]]
name = "dataproperty"
version = "1.0.1"
requires_python = ">=3.7"
summary = "Python library for extract property from data."
groups = ["test"]
dependencies = [
    "mbstrdecoder<2,>=1.0.0",
    "typepy[datetime]<2,>=1.2.0",
]
files = [
    {file = "DataProperty-1.0.1-py3-none-any.whl", hash = "sha256:0b8b07d4fb6453fcf975b53d35dea41f3cfd69c9d79b5010c3cf224ff0407a7a"},
    {file = "DataProperty-1.0.1.tar.gz", hash = "sha256:723e5729fa6e885e127a771a983ee1e0e34bb141aca4ffe1f0bfa7cde34650a4"},
]

[[package]]
name = "elastic-transport"
version = "8.13.1"
requires_python = ">=3.7"
summary = "Transport classes and utilities shared among Python Elastic client libraries"
groups = ["default"]
dependencies = [
    "certifi",
    "urllib3<3,>=1.26.2",
]
files = [
    {file = "elastic_transport-8.13.1-py3-none-any.whl", hash = "sha256:5d4bb6b8e9d74a9c16de274e91a5caf65a3a8d12876f1e99152975e15b2746fe"},
    {file = "elastic_transport-8.13.1.tar.gz", hash = "sha256:16339d392b4bbe86ad00b4bdeecff10edf516d32bc6c16053846625f2c6ea250"},
]

[[package]]
name = "elasticsearch"
version = "8.14.0"
requires_python = ">=3.7"
summary = "Python client for Elasticsearch"
groups = ["default"]
dependencies = [
    "elastic-transport<9,>=8.13",
]
files = [
    {file = "elasticsearch-8.14.0-py3-none-any.whl", hash = "sha256:cef8ef70a81af027f3da74a4f7d9296b390c636903088439087b8262a468c130"},
    {file = "elasticsearch-8.14.0.tar.gz", hash = "sha256:aa2490029dd96f4015b333c1827aa21fd6c0a4d223b00dfb0fe933b8d09a511b"},
]

[[package]]
name = "elasticsearch-dsl"
version = "8.14.0"
requires_python = ">=3.8"
summary = "Python client for Elasticsearch"
groups = ["default"]
dependencies = [
    "elasticsearch<9.0.0,>=8.0.0",
    "python-dateutil",
    "typing-extensions",
]
files = [
    {file = "elasticsearch-dsl-8.14.0.tar.gz", hash = "sha256:326c6dccf32f1ff3d4c84889388590778444ba18f770adee52f24721cb97c4c7"},
    {file = "elasticsearch_dsl-8.14.0-py3-none-any.whl", hash = "sha256:99c5cbda28a37eec05ac78e82fdc87e8641eb83956ea63a817bf0e9da3d688dd"},
]

[[package]]
name = "exceptiongroup"
version = "1.2.1"
requires_python = ">=3.7"
summary = "Backport of PEP 654 (exception groups)"
groups = ["test"]
marker = "python_version < \"3.11\""
files = [
    {file = "exceptiongroup-1.2.1-py3-none-any.whl", hash = "sha256:5258b9ed329c5bbdd31a309f53cbfb0b155341807f6ff7606a1e801a891b29ad"},
    {file = "exceptiongroup-1.2.1.tar.gz", hash = "sha256:a4785e48b045528f5bfe627b6ad554ff32def154f42372786903b7abcfe1aa16"},
]

[[package]]
name = "iniconfig"
version = "2.0.0"
requires_python = ">=3.7"
summary = "brain-dead simple config-ini parsing"
groups = ["test"]
files = [
    {file = "iniconfig-2.0.0-py3-none-any.whl", hash = "sha256:b6a85871a79d2e3b22d2d1b94ac2824226a63c6b741c88f7ae975f18b6778374"},
    {file = "iniconfig-2.0.0.tar.gz", hash = "sha256:2d91e135bf72d31a410b17c16da610a82cb55f6b0477d1a902134b24a455b8b3"},
]

[[package]]
name = "mbstrdecoder"
version = "1.1.3"
requires_python = ">=3.7"
summary = "mbstrdecoder is a Python library for multi-byte character string decoder"
groups = ["test"]
dependencies = [
    "chardet<6,>=3.0.4",
]
files = [
    {file = "mbstrdecoder-1.1.3-py3-none-any.whl", hash = "sha256:d66c1ed3f2dc4e7c5d87cd44a75be10bc5af4250f95b38bbaedd7851308ce938"},
    {file = "mbstrdecoder-1.1.3.tar.gz", hash = "sha256:dcfd2c759322eb44fe193a9e0b1b86c5b87f3ec5ea8e1bb43b3e9ae423f1e8fe"},
]

[[package]]
name = "packaging"
version = "24.1"
requires_python = ">=3.8"
summary = "Core utilities for Python packages"
groups = ["test"]
files = [
    {file = "packaging-24.1-py3-none-any.whl", hash = "sha256:5b8f2217dbdbd2f7f384c41c628544e6d52f2d0f53c6d0c3ea61aa5d1d7ff124"},
    {file = "packaging-24.1.tar.gz", hash = "sha256:026ed72c8ed3fcce5bf8950572258698927fd1dbda10a5e981cdf0ac37f4f002"},
]

[[package]]
name = "pathvalidate"
version = "3.2.0"
requires_python = ">=3.7"
summary = "pathvalidate is a Python library to sanitize/validate a string such as filenames/file-paths/etc."
groups = ["test"]
files = [
    {file = "pathvalidate-3.2.0-py3-none-any.whl", hash = "sha256:cc593caa6299b22b37f228148257997e2fa850eea2daf7e4cc9205cef6908dee"},
    {file = "pathvalidate-3.2.0.tar.gz", hash = "sha256:5e8378cf6712bff67fbe7a8307d99fa8c1a0cb28aa477056f8fc374f0dff24ad"},
]

[[package]]
name = "pluggy"
version = "1.5.0"
requires_python = ">=3.8"
summary = "plugin and hook calling mechanisms for python"
groups = ["test"]
files = [
    {file = "pluggy-1.5.0-py3-none-any.whl", hash = "sha256:44e1ad92c8ca002de6377e165f3e0f1be63266ab4d554740532335b9d75ea669"},
    {file = "pluggy-1.5.0.tar.gz", hash = "sha256:2cffa88e94fdc978c4c574f15f9e59b7f4201d439195c3715ca9e2486f1d0cf1"},
]

[[package]]
name = "pytablewriter"
version = "1.2.0"
requires_python = ">=3.7"
summary = "pytablewriter is a Python library to write a table in various formats: AsciiDoc / CSV / Elasticsearch / HTML / JavaScript / JSON / LaTeX / LDJSON / LTSV / Markdown / MediaWiki / NumPy / Excel / Pandas / Python / reStructuredText / SQLite / TOML / TSV / YAML."
groups = ["test"]
dependencies = [
    "DataProperty<2,>=1.0.1",
    "mbstrdecoder<2,>=1.0.0",
    "pathvalidate<4,>=2.3.0",
    "setuptools>=38.3.0",
    "tabledata<2,>=1.3.1",
    "tcolorpy<1,>=0.0.5",
    "typepy[datetime]<2,>=1.3.2",
]
files = [
    {file = "pytablewriter-1.2.0-py3-none-any.whl", hash = "sha256:4a30e2bb4bf5bc1069b1d2b2bc41947577c4517ab0875b23a5b194d296f543d8"},
    {file = "pytablewriter-1.2.0.tar.gz", hash = "sha256:0204a4bb684a22140d640f2599f09e137bcdc18b3dd49426f4a555016e246b46"},
]

[[package]]
name = "pytest"
version = "8.2.2"
requires_python = ">=3.8"
summary = "pytest: simple powerful testing with Python"
groups = ["test"]
dependencies = [
    "colorama; sys_platform == \"win32\"",
    "exceptiongroup>=1.0.0rc8; python_version < \"3.11\"",
    "iniconfig",
    "packaging",
    "pluggy<2.0,>=1.5",
    "tomli>=1; python_version < \"3.11\"",
]
files = [
    {file = "pytest-8.2.2-py3-none-any.whl", hash = "sha256:c434598117762e2bd304e526244f67bf66bbd7b5d6cf22138be51ff661980343"},
    {file = "pytest-8.2.2.tar.gz", hash = "sha256:de4bb8104e201939ccdc688b27a89a7be2079b22e2bd2b07f806b6ba71117977"},
]

[[package]]
name = "pytest-cov"
version = "5.0.0"
requires_python = ">=3.8"
summary = "Pytest plugin for measuring coverage."
groups = ["test"]
dependencies = [
    "coverage[toml]>=5.2.1",
    "pytest>=4.6",
]
files = [
    {file = "pytest-cov-5.0.0.tar.gz", hash = "sha256:5837b58e9f6ebd335b0f8060eecce69b662415b16dc503883a02f45dfeb14857"},
    {file = "pytest_cov-5.0.0-py3-none-any.whl", hash = "sha256:4f0764a1219df53214206bf1feea4633c3b558a2925c8b59f144f682861ce652"},
]

[[package]]
name = "pytest-dotenv"
version = "0.5.2"
summary = "A py.test plugin that parses environment files before running tests"
groups = ["test"]
dependencies = [
    "pytest>=5.0.0",
    "python-dotenv>=0.9.1",
]
files = [
    {file = "pytest-dotenv-0.5.2.tar.gz", hash = "sha256:2dc6c3ac6d8764c71c6d2804e902d0ff810fa19692e95fe138aefc9b1aa73732"},
    {file = "pytest_dotenv-0.5.2-py3-none-any.whl", hash = "sha256:40a2cece120a213898afaa5407673f6bd924b1fa7eafce6bda0e8abffe2f710f"},
]

[[package]]
name = "pytest-md-report"
version = "0.6.2"
requires_python = ">=3.7"
summary = "A pytest plugin to generate test outcomes reports with markdown table format."
groups = ["test"]
dependencies = [
    "pytablewriter<2,>=1.2.0",
    "pytest!=6.0.0,<9,>=3.3.2",
    "tcolorpy<1,>=0.0.5",
    "typepy<2,>=1.1.1",
]
files = [
    {file = "pytest_md_report-0.6.2-py3-none-any.whl", hash = "sha256:66e27efa5c155c87eb4700d60876e61a85c13361448c4031fda964c43e63c9b9"},
    {file = "pytest_md_report-0.6.2.tar.gz", hash = "sha256:5e96c655ebc9b5c3c7b78bf7c5382c1f68056e96904430252790f8737de5ce99"},
]

[[package]]
name = "pytest-mock"
version = "3.14.0"
requires_python = ">=3.8"
summary = "Thin-wrapper around the mock package for easier use with pytest"
groups = ["test"]
dependencies = [
    "pytest>=6.2.5",
]
files = [
    {file = "pytest-mock-3.14.0.tar.gz", hash = "sha256:2719255a1efeceadbc056d6bf3df3d1c5015530fb40cf347c0f9afac88410bd0"},
    {file = "pytest_mock-3.14.0-py3-none-any.whl", hash = "sha256:0b72c38033392a5f4621342fe11e9219ac11ec9d375f8e2a0c164539e0d70f6f"},
]

[[package]]
name = "python-dateutil"
version = "2.9.0.post0"
requires_python = "!=3.0.*,!=3.1.*,!=3.2.*,>=2.7"
summary = "Extensions to the standard Python datetime module"
groups = ["default", "test"]
dependencies = [
    "six>=1.5",
]
files = [
    {file = "python-dateutil-2.9.0.post0.tar.gz", hash = "sha256:37dd54208da7e1cd875388217d5e00ebd4179249f90fb72437e91a35459a0ad3"},
    {file = "python_dateutil-2.9.0.post0-py2.py3-none-any.whl", hash = "sha256:a8b2bc7bffae282281c8140a97d3aa9c14da0b136dfe83f850eea9a5f7470427"},
]

[[package]]
name = "python-dotenv"
version = "1.0.1"
requires_python = ">=3.8"
summary = "Read key-value pairs from a .env file and set them as environment variables"
groups = ["test"]
files = [
    {file = "python-dotenv-1.0.1.tar.gz", hash = "sha256:e324ee90a023d808f1959c46bcbc04446a10ced277783dc6ee09987c37ec10ca"},
    {file = "python_dotenv-1.0.1-py3-none-any.whl", hash = "sha256:f7b63ef50f1b690dddf550d03497b66d609393b40b564ed0d674909a68ebf16a"},
]

[[package]]
name = "pytz"
version = "2024.1"
summary = "World timezone definitions, modern and historical"
groups = ["test"]
files = [
    {file = "pytz-2024.1-py2.py3-none-any.whl", hash = "sha256:328171f4e3623139da4983451950b28e95ac706e13f3f2630a879749e7a8b319"},
    {file = "pytz-2024.1.tar.gz", hash = "sha256:2a29735ea9c18baf14b448846bde5a48030ed267578472d8955cd0e7443a9812"},
]

[[package]]
name = "setuptools"
version = "70.2.0"
requires_python = ">=3.8"
summary = "Easily download, build, install, upgrade, and uninstall Python packages"
groups = ["test"]
files = [
    {file = "setuptools-70.2.0-py3-none-any.whl", hash = "sha256:b8b8060bb426838fbe942479c90296ce976249451118ef566a5a0b7d8b78fb05"},
    {file = "setuptools-70.2.0.tar.gz", hash = "sha256:bd63e505105011b25c3c11f753f7e3b8465ea739efddaccef8f0efac2137bac1"},
]

[[package]]
name = "six"
version = "1.16.0"
requires_python = ">=2.7, !=3.0.*, !=3.1.*, !=3.2.*"
summary = "Python 2 and 3 compatibility utilities"
groups = ["default", "test"]
files = [
    {file = "six-1.16.0-py2.py3-none-any.whl", hash = "sha256:8abb2f1d86890a2dfb989f9a77cfcfd3e47c2a354b01111771326f8aa26e0254"},
    {file = "six-1.16.0.tar.gz", hash = "sha256:1e61c37477a1626458e36f7b1d82aa5c9b094fa4802892072e49de9c60c4c926"},
]

[[package]]
name = "tabledata"
version = "1.3.3"
requires_python = ">=3.7"
summary = "tabledata is a Python library to represent tabular data. Used for pytablewriter/pytablereader/SimpleSQLite/etc."
groups = ["test"]
dependencies = [
    "DataProperty<2,>=1.0.1",
    "typepy<2,>=1.2.0",
]
files = [
    {file = "tabledata-1.3.3-py3-none-any.whl", hash = "sha256:4abad1c996d8607e23b045b44dc0c5f061668f3c37585302c5f6c84c93a89962"},
    {file = "tabledata-1.3.3.tar.gz", hash = "sha256:c90daaba9a408e4397934b3ff2f6c06797d5289676420bf520c741ad43e6ff91"},
]

[[package]]
name = "tcolorpy"
version = "0.1.6"
requires_python = ">=3.7"
summary = "tcolopy is a Python library to apply true color for terminal text."
groups = ["test"]
files = [
    {file = "tcolorpy-0.1.6-py3-none-any.whl", hash = "sha256:8c15cb3167f30b0a433d72297e9d68667c825bd9e2af41c8dd7dfbd3d7f7e207"},
    {file = "tcolorpy-0.1.6.tar.gz", hash = "sha256:8cea0bf5f8cf03f77528a9acfbf312df935573892ba5ea3b2516e61fa54de9a5"},
]

[[package]]
name = "tomli"
version = "2.0.1"
requires_python = ">=3.7"
summary = "A lil' TOML parser"
groups = ["test"]
marker = "python_version < \"3.11\""
files = [
    {file = "tomli-2.0.1-py3-none-any.whl", hash = "sha256:939de3e7a6161af0c887ef91b7d41a53e7c5a1ca976325f429cb46ea9bc30ecc"},
    {file = "tomli-2.0.1.tar.gz", hash = "sha256:de526c12914f0c550d15924c62d72abc48d6fe7364aa87328337a31007fe8a4f"},
]

[[package]]
name = "typepy"
version = "1.3.2"
requires_python = ">=3.7"
summary = "typepy is a Python library for variable type checker/validator/converter at a run time."
groups = ["test"]
dependencies = [
    "mbstrdecoder<2,>=1.0.0",
]
files = [
    {file = "typepy-1.3.2-py3-none-any.whl", hash = "sha256:d5d1022a424132622993800f1d2cd16cfdb691ac4e3b9c325f0fcb37799db1ae"},
    {file = "typepy-1.3.2.tar.gz", hash = "sha256:b69fd48b9f50cdb3809906eef36b855b3134ff66c8893a4f8580abddb0b39517"},
]

[[package]]
name = "typepy"
version = "1.3.2"
extras = ["datetime"]
requires_python = ">=3.7"
summary = "typepy is a Python library for variable type checker/validator/converter at a run time."
groups = ["test"]
dependencies = [
    "packaging",
    "python-dateutil<3.0.0,>=2.8.0",
    "pytz>=2018.9",
    "typepy==1.3.2",
]
files = [
    {file = "typepy-1.3.2-py3-none-any.whl", hash = "sha256:d5d1022a424132622993800f1d2cd16cfdb691ac4e3b9c325f0fcb37799db1ae"},
    {file = "typepy-1.3.2.tar.gz", hash = "sha256:b69fd48b9f50cdb3809906eef36b855b3134ff66c8893a4f8580abddb0b39517"},
]

[[package]]
name = "typing-extensions"
version = "4.12.2"
requires_python = ">=3.8"
summary = "Backported and Experimental Type Hints for Python 3.8+"
groups = ["default"]
files = [
    {file = "typing_extensions-4.12.2-py3-none-any.whl", hash = "sha256:04e5ca0351e0f3f85c6853954072df659d0d13fac324d0072316b67d7794700d"},
    {file = "typing_extensions-4.12.2.tar.gz", hash = "sha256:1a7ead55c7e559dd4dee8856e3a88b41225abfe1ce8df57b7c13915fe121ffb8"},
]

[[package]]
name = "urllib3"
version = "2.2.2"
requires_python = ">=3.8"
summary = "HTTP library with thread-safe connection pooling, file post, and more."
groups = ["default"]
files = [
    {file = "urllib3-2.2.2-py3-none-any.whl", hash = "sha256:a448b2f64d686155468037e1ace9f2d2199776e17f0a46610480d311f73e3472"},
    {file = "urllib3-2.2.2.tar.gz", hash = "sha256:dd505485549a7a552833da5e6063639d0d177c04f23bc3864e41e5dc5f612168"},
]
